
Microsoft Visual Studio Solution File, Format Version 12.00
# Visual Studio Version 16
VisualStudioVersion = 16.0.30011.22
MinimumVisualStudioVersion = 10.0.40219.1
Project("{FAE04EC0-301F-11D3-BF4B-00C04F79EFBC}") = "Restaurant_fase2", "Restaurant_fase2\Restaurant_fase2.csproj", "{983F6726-FA32-4B95-9ED5-C7268D08395E}"
EndProject
Global
	GlobalSection(SolutionConfigurationPlatforms) = preSolution
		Debug|Any CPU = Debug|Any CPU
		Release|Any CPU = Release|Any CPU
	EndGlobalSection
	GlobalSection(ProjectConfigurationPlatforms) = postSolution
		{983F6726-FA32-4B95-9ED5-C7268D08395E}.Debug|Any CPU.ActiveCfg = Debug|Any CPU
		{983F6726-FA32-4B95-9ED5-C7268D08395E}.Debug|Any CPU.Build.0 = Debug|Any CPU
		{983F6726-FA32-4B95-9ED5-C7268D08395E}.Release|Any CPU.ActiveCfg = Release|Any CPU
		{983F6726-FA32-4B95-9ED5-C7268D08395E}.Release|Any CPU.Build.0 = Release|Any CPU
	EndGlobalSection
	GlobalSection(SolutionProperties) = preSolution
		HideSolutionNode = FALSE
	EndGlobalSection
	GlobalSection(ExtensibilityGlobals) = postSolution
		SolutionGuid = {455B21BB-E3BE-4328-9CE5-3E6542CCDDC9}
	EndGlobalSection
EndGlobal
